// !$*UTF8*$!
{
	archiveVersion = 1;
	classes = {
	};
	objectVersion = 56;
	objects = {

/* Begin PBXBuildFile section */
		256B0EDA2C5157C500A2F488 /* AppDataModel.xcdatamodeld in Sources */ = {isa = PBXBuildFile; fileRef = 256B0ED82C5157C500A2F488 /* AppDataModel.xcdatamodeld */; };
		256B0EDC2C5157FE00A2F488 /* PersistenceController.swift in Sources */ = {isa = PBXBuildFile; fileRef = 256B0EDB2C5157FE00A2F488 /* PersistenceController.swift */; };
		256B0EE42C51622C00A2F488 /* DatabaseView.swift in Sources */ = {isa = PBXBuildFile; fileRef = 256B0EE32C51622C00A2F488 /* DatabaseView.swift */; };
		256B0EEA2C51664D00A2F488 /* HomeView.swift in Sources */ = {isa = PBXBuildFile; fileRef = 256B0EE92C51664D00A2F488 /* HomeView.swift */; };
		256B0EEC2C51665A00A2F488 /* DataView.swift in Sources */ = {isa = PBXBuildFile; fileRef = 256B0EEB2C51665A00A2F488 /* DataView.swift */; };
		256B0EEE2C51674D00A2F488 /* Extensions.swift in Sources */ = {isa = PBXBuildFile; fileRef = 256B0EED2C51674D00A2F488 /* Extensions.swift */; };
		2575DF592C51340000773D50 /* LocationManager.swift in Sources */ = {isa = PBXBuildFile; fileRef = 2575DF582C51340000773D50 /* LocationManager.swift */; };
		25FDE2F42C511994001CD71A /* EindwerkApp.swift in Sources */ = {isa = PBXBuildFile; fileRef = 25FDE2F32C511994001CD71A /* EindwerkApp.swift */; };
		25FDE2F82C511995001CD71A /* Assets.xcassets in Resources */ = {isa = PBXBuildFile; fileRef = 25FDE2F72C511995001CD71A /* Assets.xcassets */; };
		25FDE2FB2C511995001CD71A /* Preview Assets.xcassets in Resources */ = {isa = PBXBuildFile; fileRef = 25FDE2FA2C511995001CD71A /* Preview Assets.xcassets */; };
/* End PBXBuildFile section */

/* Begin PBXCopyFilesBuildPhase section */
		257FF9122C51437500E1F444 /* Embed Frameworks */ = {
			isa = PBXCopyFilesBuildPhase;
			buildActionMask = 2147483647;
			dstPath = "";
			dstSubfolderSpec = 10;
			files = (
			);
			name = "Embed Frameworks";
			runOnlyForDeploymentPostprocessing = 0;
		};
/* End PBXCopyFilesBuildPhase section */

/* Begin PBXFileReference section */
		256B0ED92C5157C500A2F488 /* AppDataModel.xcdatamodel */ = {isa = PBXFileReference; lastKnownFileType = wrapper.xcdatamodel; path = AppDataModel.xcdatamodel; sourceTree = "<group>"; };
		256B0EDB2C5157FE00A2F488 /* PersistenceController.swift */ = {isa = PBXFileReference; lastKnownFileType = sourcecode.swift; path = PersistenceController.swift; sourceTree = "<group>"; };
		256B0EE32C51622C00A2F488 /* DatabaseView.swift */ = {isa = PBXFileReference; lastKnownFileType = sourcecode.swift; path = DatabaseView.swift; sourceTree = "<group>"; };
		256B0EE92C51664D00A2F488 /* HomeView.swift */ = {isa = PBXFileReference; lastKnownFileType = sourcecode.swift; path = HomeView.swift; sourceTree = "<group>"; };
		256B0EEB2C51665A00A2F488 /* DataView.swift */ = {isa = PBXFileReference; lastKnownFileType = sourcecode.swift; path = DataView.swift; sourceTree = "<group>"; };
		256B0EED2C51674D00A2F488 /* Extensions.swift */ = {isa = PBXFileReference; lastKnownFileType = sourcecode.swift; path = Extensions.swift; sourceTree = "<group>"; };
		2575DF582C51340000773D50 /* LocationManager.swift */ = {isa = PBXFileReference; lastKnownFileType = sourcecode.swift; path = LocationManager.swift; sourceTree = "<group>"; };
		2575DF5E2C5139B100773D50 /* Info.plist */ = {isa = PBXFileReference; lastKnownFileType = text.plist; path = Info.plist; sourceTree = "<group>"; };
		25FDE2F02C511994001CD71A /* Eindwerk.app */ = {isa = PBXFileReference; explicitFileType = wrapper.application; includeInIndex = 0; path = Eindwerk.app; sourceTree = BUILT_PRODUCTS_DIR; };
		25FDE2F32C511994001CD71A /* EindwerkApp.swift */ = {isa = PBXFileReference; lastKnownFileType = sourcecode.swift; path = EindwerkApp.swift; sourceTree = "<group>"; };
		25FDE2F72C511995001CD71A /* Assets.xcassets */ = {isa = PBXFileReference; lastKnownFileType = folder.assetcatalog; path = Assets.xcassets; sourceTree = "<group>"; };
		25FDE2FA2C511995001CD71A /* Preview Assets.xcassets */ = {isa = PBXFileReference; lastKnownFileType = folder.assetcatalog; path = "Preview Assets.xcassets"; sourceTree = "<group>"; };
/* End PBXFileReference section */

/* Begin PBXFrameworksBuildPhase section */
		25FDE2ED2C511994001CD71A /* Frameworks */ = {
			isa = PBXFrameworksBuildPhase;
			buildActionMask = 2147483647;
			files = (
			);
			runOnlyForDeploymentPostprocessing = 0;
		};
/* End PBXFrameworksBuildPhase section */

/* Begin PBXGroup section */
		25FDE2E72C511994001CD71A = {
			isa = PBXGroup;
			children = (
				25FDE2F22C511994001CD71A /* Eindwerk */,
				25FDE2F12C511994001CD71A /* Products */,
			);
			sourceTree = "<group>";
		};
		25FDE2F12C511994001CD71A /* Products */ = {
			isa = PBXGroup;
			children = (
				25FDE2F02C511994001CD71A /* Eindwerk.app */,
			);
			name = Products;
			sourceTree = "<group>";
		};
		25FDE2F22C511994001CD71A /* Eindwerk */ = {
			isa = PBXGroup;
			children = (
				2575DF5E2C5139B100773D50 /* Info.plist */,
				25FDE2F32C511994001CD71A /* EindwerkApp.swift */,
				2575DF582C51340000773D50 /* LocationManager.swift */,
				256B0EE92C51664D00A2F488 /* HomeView.swift */,
				256B0EEB2C51665A00A2F488 /* DataView.swift */,
				256B0EE32C51622C00A2F488 /* DatabaseView.swift */,
				256B0EED2C51674D00A2F488 /* Extensions.swift */,
				256B0ED82C5157C500A2F488 /* AppDataModel.xcdatamodeld */,
				256B0EDB2C5157FE00A2F488 /* PersistenceController.swift */,
				25FDE2F72C511995001CD71A /* Assets.xcassets */,
				25FDE2F92C511995001CD71A /* Preview Content */,
			);
			path = Eindwerk;
			sourceTree = "<group>";
		};
		25FDE2F92C511995001CD71A /* Preview Content */ = {
			isa = PBXGroup;
			children = (
				25FDE2FA2C511995001CD71A /* Preview Assets.xcassets */,
			);
			path = "Preview Content";
			sourceTree = "<group>";
		};
/* End PBXGroup section */

/* Begin PBXNativeTarget section */
		25FDE2EF2C511994001CD71A /* Eindwerk */ = {
			isa = PBXNativeTarget;
			buildConfigurationList = 25FDE2FE2C511995001CD71A /* Build configuration list for PBXNativeTarget "Eindwerk" */;
			buildPhases = (
				25FDE2EC2C511994001CD71A /* Sources */,
				25FDE2ED2C511994001CD71A /* Frameworks */,
				25FDE2EE2C511994001CD71A /* Resources */,
				257FF9122C51437500E1F444 /* Embed Frameworks */,
			);
			buildRules = (
			);
			dependencies = (
			);
			name = Eindwerk;
			packageProductDependencies = (
			);
			productName = Eindwerk;
			productReference = 25FDE2F02C511994001CD71A /* Eindwerk.app */;
			productType = "com.apple.product-type.application";
		};
/* End PBXNativeTarget section */

/* Begin PBXProject section */
		25FDE2E82C511994001CD71A /* Project object */ = {
			isa = PBXProject;
			attributes = {
				BuildIndependentTargetsInParallel = 1;
				LastSwiftUpdateCheck = 1540;
				LastUpgradeCheck = 1540;
				TargetAttributes = {
					25FDE2EF2C511994001CD71A = {
						CreatedOnToolsVersion = 15.4;
					};
				};
			};
			buildConfigurationList = 25FDE2EB2C511994001CD71A /* Build configuration list for PBXProject "Eindwerk" */;
			compatibilityVersion = "Xcode 14.0";
			developmentRegion = en;
			hasScannedForEncodings = 0;
			knownRegions = (
				en,
				Base,
			);
			mainGroup = 25FDE2E72C511994001CD71A;
			packageReferences = (
			);
			productRefGroup = 25FDE2F12C511994001CD71A /* Products */;
			projectDirPath = "";
			projectRoot = "";
			targets = (
				25FDE2EF2C511994001CD71A /* Eindwerk */,
			);
		};
/* End PBXProject section */

/* Begin PBXResourcesBuildPhase section */
		25FDE2EE2C511994001CD71A /* Resources */ = {
			isa = PBXResourcesBuildPhase;
			buildActionMask = 2147483647;
			files = (
				25FDE2FB2C511995001CD71A /* Preview Assets.xcassets in Resources */,
				25FDE2F82C511995001CD71A /* Assets.xcassets in Resources */,
			);
			runOnlyForDeploymentPostprocessing = 0;
		};
/* End PBXResourcesBuildPhase section */

/* Begin PBXSourcesBuildPhase section */
		25FDE2EC2C511994001CD71A /* Sources */ = {
			isa = PBXSourcesBuildPhase;
			buildActionMask = 2147483647;
			files = (
				256B0EEA2C51664D00A2F488 /* HomeView.swift in Sources */,
				256B0EE42C51622C00A2F488 /* DatabaseView.swift in Sources */,
				256B0EDA2C5157C500A2F488 /* AppDataModel.xcdatamodeld in Sources */,
				256B0EEE2C51674D00A2F488 /* Extensions.swift in Sources */,
				25FDE2F42C511994001CD71A /* EindwerkApp.swift in Sources */,
				2575DF592C51340000773D50 /* LocationManager.swift in Sources */,
				256B0EEC2C51665A00A2F488 /* DataView.swift in Sources */,
				256B0EDC2C5157FE00A2F488 /* PersistenceController.swift in Sources */,
			);
			runOnlyForDeploymentPostprocessing = 0;
		};
/* End PBXSourcesBuildPhase section */

/* Begin XCBuildConfiguration section */
		25FDE2FC2C511995001CD71A /* Debug */ = {
			isa = XCBuildConfiguration;
			buildSettings = {
				ALWAYS_SEARCH_USER_PATHS = NO;
				ASSETCATALOG_COMPILER_GENERATE_SWIFT_ASSET_SYMBOL_EXTENSIONS = YES;
				CLANG_ANALYZER_NONNULL = YES;
				CLANG_ANALYZER_NUMBER_OBJECT_CONVERSION = YES_AGGRESSIVE;
				CLANG_CXX_LANGUAGE_STANDARD = "gnu++20";
				CLANG_ENABLE_MODULES = YES;
				CLANG_ENABLE_OBJC_ARC = YES;
				CLANG_ENABLE_OBJC_WEAK = YES;
				CLANG_WARN_BLOCK_CAPTURE_AUTORELEASING = YES;
				CLANG_WARN_BOOL_CONVERSION = YES;
				CLANG_WARN_COMMA = YES;
				CLANG_WARN_CONSTANT_CONVERSION = YES;
				CLANG_WARN_DEPRECATED_OBJC_IMPLEMENTATIONS = YES;
				CLANG_WARN_DIRECT_OBJC_ISA_USAGE = YES_ERROR;
				CLANG_WARN_DOCUMENTATION_COMMENTS = YES;
				CLANG_WARN_EMPTY_BODY = YES;
				CLANG_WARN_ENUM_CONVERSION = YES;
				CLANG_WARN_INFINITE_RECURSION = YES;
				CLANG_WARN_INT_CONVERSION = YES;
				CLANG_WARN_NON_LITERAL_NULL_CONVERSION = YES;
				CLANG_WARN_OBJC_IMPLICIT_RETAIN_SELF = YES;
				CLANG_WARN_OBJC_LITERAL_CONVERSION = YES;
				CLANG_WARN_OBJC_ROOT_CLASS = YES_ERROR;
				CLANG_WARN_QUOTED_INCLUDE_IN_FRAMEWORK_HEADER = YES;
				CLANG_WARN_RANGE_LOOP_ANALYSIS = YES;
				CLANG_WARN_STRICT_PROTOTYPES = YES;
				CLANG_WARN_SUSPICIOUS_MOVE = YES;
				CLANG_WARN_UNGUARDED_AVAILABILITY = YES_AGGRESSIVE;
				CLANG_WARN_UNREACHABLE_CODE = YES;
				CLANG_WARN__DUPLICATE_METHOD_MATCH = YES;
				COPY_PHASE_STRIP = NO;
				DEBUG_INFORMATION_FORMAT = dwarf;
				ENABLE_STRICT_OBJC_MSGSEND = YES;
				ENABLE_TESTABILITY = YES;
				ENABLE_USER_SCRIPT_SANDBOXING = YES;
				GCC_C_LANGUAGE_STANDARD = gnu17;
				GCC_DYNAMIC_NO_PIC = NO;
				GCC_NO_COMMON_BLOCKS = YES;
				GCC_OPTIMIZATION_LEVEL = 0;
				GCC_PREPROCESSOR_DEFINITIONS = (
					"DEBUG=1",
					"$(inherited)",
				);
				GCC_WARN_64_TO_32_BIT_CONVERSION = YES;
				GCC_WARN_ABOUT_RETURN_TYPE = YES_ERROR;
				GCC_WARN_UNDECLARED_SELECTOR = YES;
				GCC_WARN_UNINITIALIZED_AUTOS = YES_AGGRESSIVE;
				GCC_WARN_UNUSED_FUNCTION = YES;
				GCC_WARN_UNUSED_VARIABLE = YES;
				IPHONEOS_DEPLOYMENT_TARGET = 17.5;
				LOCALIZATION_PREFERS_STRING_CATALOGS = YES;
				MTL_ENABLE_DEBUG_INFO = INCLUDE_SOURCE;
				MTL_FAST_MATH = YES;
				ONLY_ACTIVE_ARCH = YES;
				SDKROOT = iphoneos;
				SWIFT_ACTIVE_COMPILATION_CONDITIONS = "DEBUG $(inherited)";
				SWIFT_OPTIMIZATION_LEVEL = "-Onone";
			};
			name = Debug;
		};
		25FDE2FD2C511995001CD71A /* Release */ = {
			isa = XCBuildConfiguration;
			buildSettings = {
				ALWAYS_SEARCH_USER_PATHS = NO;
				ASSETCATALOG_COMPILER_GENERATE_SWIFT_ASSET_SYMBOL_EXTENSIONS = YES;
				CLANG_ANALYZER_NONNULL = YES;
				CLANG_ANALYZER_NUMBER_OBJECT_CONVERSION = YES_AGGRESSIVE;
				CLANG_CXX_LANGUAGE_STANDARD = "gnu++20";
				CLANG_ENABLE_MODULES = YES;
				CLANG_ENABLE_OBJC_ARC = YES;
				CLANG_ENABLE_OBJC_WEAK = YES;
				CLANG_WARN_BLOCK_CAPTURE_AUTORELEASING = YES;
				CLANG_WARN_BOOL_CONVERSION = YES;
				CLANG_WARN_COMMA = YES;
				CLANG_WARN_CONSTANT_CONVERSION = YES;
				CLANG_WARN_DEPRECATED_OBJC_IMPLEMENTATIONS = YES;
				CLANG_WARN_DIRECT_OBJC_ISA_USAGE = YES_ERROR;
				CLANG_WARN_DOCUMENTATION_COMMENTS = YES;
				CLANG_WARN_EMPTY_BODY = YES;
				CLANG_WARN_ENUM_CONVERSION = YES;
				CLANG_WARN_INFINITE_RECURSION = YES;
				CLANG_WARN_INT_CONVERSION = YES;
				CLANG_WARN_NON_LITERAL_NULL_CONVERSION = YES;
				CLANG_WARN_OBJC_IMPLICIT_RETAIN_SELF = YES;
				CLANG_WARN_OBJC_LITERAL_CONVERSION = YES;
				CLANG_WARN_OBJC_ROOT_CLASS = YES_ERROR;
				CLANG_WARN_QUOTED_INCLUDE_IN_FRAMEWORK_HEADER = YES;
				CLANG_WARN_RANGE_LOOP_ANALYSIS = YES;
				CLANG_WARN_STRICT_PROTOTYPES = YES;
				CLANG_WARN_SUSPICIOUS_MOVE = YES;
				CLANG_WARN_UNGUARDED_AVAILABILITY = YES_AGGRESSIVE;
				CLANG_WARN_UNREACHABLE_CODE = YES;
				CLANG_WARN__DUPLICATE_METHOD_MATCH = YES;
				COPY_PHASE_STRIP = NO;
				DEBUG_INFORMATION_FORMAT = "dwarf-with-dsym";
				ENABLE_NS_ASSERTIONS = NO;
				ENABLE_STRICT_OBJC_MSGSEND = YES;
				ENABLE_USER_SCRIPT_SANDBOXING = YES;
				GCC_C_LANGUAGE_STANDARD = gnu17;
				GCC_NO_COMMON_BLOCKS = YES;
				GCC_WARN_64_TO_32_BIT_CONVERSION = YES;
				GCC_WARN_ABOUT_RETURN_TYPE = YES_ERROR;
				GCC_WARN_UNDECLARED_SELECTOR = YES;
				GCC_WARN_UNINITIALIZED_AUTOS = YES_AGGRESSIVE;
				GCC_WARN_UNUSED_FUNCTION = YES;
				GCC_WARN_UNUSED_VARIABLE = YES;
				IPHONEOS_DEPLOYMENT_TARGET = 17.5;
				LOCALIZATION_PREFERS_STRING_CATALOGS = YES;
				MTL_ENABLE_DEBUG_INFO = NO;
				MTL_FAST_MATH = YES;
				SDKROOT = iphoneos;
				SWIFT_COMPILATION_MODE = wholemodule;
				VALIDATE_PRODUCT = YES;
			};
			name = Release;
		};
		25FDE2FF2C511995001CD71A /* Debug */ = {
			isa = XCBuildConfiguration;
			buildSettings = {
				ASSETCATALOG_COMPILER_APPICON_NAME = AppIcon;
				ASSETCATALOG_COMPILER_GLOBAL_ACCENT_COLOR_NAME = AccentColor;
				CODE_SIGN_STYLE = Automatic;
				CURRENT_PROJECT_VERSION = 1;
				DEVELOPMENT_ASSET_PATHS = "\"Eindwerk/Preview Content\"";
				DEVELOPMENT_TEAM = X62YS29KQK;
				ENABLE_PREVIEWS = YES;
				GENERATE_INFOPLIST_FILE = YES;
				INFOPLIST_FILE = Eindwerk/Info.plist;
				INFOPLIST_KEY_UIApplicationSceneManifest_Generation = YES;
				INFOPLIST_KEY_UIApplicationSupportsIndirectInputEvents = YES;
				INFOPLIST_KEY_UILaunchScreen_Generation = YES;
				INFOPLIST_KEY_UISupportedInterfaceOrientations_iPad = "UIInterfaceOrientationPortrait UIInterfaceOrientationPortraitUpsideDown UIInterfaceOrientationLandscapeLeft UIInterfaceOrientationLandscapeRight";
				INFOPLIST_KEY_UISupportedInterfaceOrientations_iPhone = "UIInterfaceOrientationPortrait UIInterfaceOrientationLandscapeLeft UIInterfaceOrientationLandscapeRight";
				LD_RUNPATH_SEARCH_PATHS = (
					"$(inherited)",
					"@executable_path/Frameworks",
				);
				MARKETING_VERSION = 1.0;
				PRODUCT_BUNDLE_IDENTIFIER = bram.Eindwerk;
				PRODUCT_NAME = "$(TARGET_NAME)";
				SWIFT_EMIT_LOC_STRINGS = YES;
				SWIFT_VERSION = 5.0;
				TARGETED_DEVICE_FAMILY = "1,2";
			};
			name = Debug;
		};
		25FDE3002C511995001CD71A /* Release */ = {
			isa = XCBuildConfiguration;
			buildSettings = {
				ASSETCATALOG_COMPILER_APPICON_NAME = AppIcon;
				ASSETCATALOG_COMPILER_GLOBAL_ACCENT_COLOR_NAME = AccentColor;
				CODE_SIGN_STYLE = Automatic;
				CURRENT_PROJECT_VERSION = 1;
				DEVELOPMENT_ASSET_PATHS = "\"Eindwerk/Preview Content\"";
				DEVELOPMENT_TEAM = X62YS29KQK;
				ENABLE_PREVIEWS = YES;
				GENERATE_INFOPLIST_FILE = YES;
				INFOPLIST_FILE = Eindwerk/Info.plist;
				INFOPLIST_KEY_UIApplicationSceneManifest_Generation = YES;
				INFOPLIST_KEY_UIApplicationSupportsIndirectInputEvents = YES;
				INFOPLIST_KEY_UILaunchScreen_Generation = YES;
				INFOPLIST_KEY_UISupportedInterfaceOrientations_iPad = "UIInterfaceOrientationPortrait UIInterfaceOrientationPortraitUpsideDown UIInterfaceOrientationLandscapeLeft UIInterfaceOrientationLandscapeRight";
				INFOPLIST_KEY_UISupportedInterfaceOrientations_iPhone = "UIInterfaceOrientationPortrait UIInterfaceOrientationLandscapeLeft UIInterfaceOrientationLandscapeRight";
				LD_RUNPATH_SEARCH_PATHS = (
					"$(inherited)",
					"@executable_path/Frameworks",
				);
				MARKETING_VERSION = 1.0;
				PRODUCT_BUNDLE_IDENTIFIER = bram.Eindwerk;
				PRODUCT_NAME = "$(TARGET_NAME)";
				SWIFT_EMIT_LOC_STRINGS = YES;
				SWIFT_VERSION = 5.0;
				TARGETED_DEVICE_FAMILY = "1,2";
			};
			name = Release;
		};
/* End XCBuildConfiguration section */

/* Begin XCConfigurationList section */
		25FDE2EB2C511994001CD71A /* Build configuration list for PBXProject "Eindwerk" */ = {
			isa = XCConfigurationList;
			buildConfigurations = (
				25FDE2FC2C511995001CD71A /* Debug */,
				25FDE2FD2C511995001CD71A /* Release */,
			);
			defaultConfigurationIsVisible = 0;
			defaultConfigurationName = Release;
		};
		25FDE2FE2C511995001CD71A /* Build configuration list for PBXNativeTarget "Eindwerk" */ = {
			isa = XCConfigurationList;
			buildConfigurations = (
				25FDE2FF2C511995001CD71A /* Debug */,
				25FDE3002C511995001CD71A /* Release */,
			);
			defaultConfigurationIsVisible = 0;
			defaultConfigurationName = Release;
		};
/* End XCConfigurationList section */

/* Begin XCVersionGroup section */
		256B0ED82C5157C500A2F488 /* AppDataModel.xcdatamodeld */ = {
			isa = XCVersionGroup;
			children = (
				256B0ED92C5157C500A2F488 /* AppDataModel.xcdatamodel */,
			);
			currentVersion = 256B0ED92C5157C500A2F488 /* AppDataModel.xcdatamodel */;
			name = AppDataModel.xcdatamodeld;
			path = /Users/bram/Documents/Eindwerk/Eindwerk/AppDataModel.xcdatamodeld;
			sourceTree = "<group>";
			versionGroupType = wrapper.xcdatamodel;
		};
/* End XCVersionGroup section */
	};
	rootObject = 25FDE2E82C511994001CD71A /* Project object */;
}
